<?xml version="1.0" encoding="utf-8"?>
<Project ToolsVersion="4.0" xmlns="http://schemas.microsoft.com/developer/msbuild/2003">
  <ItemGroup>
    <Filter Include="리소스 파일">
      <UniqueIdentifier>{67DA6AB6-F800-4c08-8B7A-83BB121AAD01}</UniqueIdentifier>
      <Extensions>rc;ico;cur;bmp;dlg;rc2;rct;bin;rgs;gif;jpg;jpeg;jpe;resx;tiff;tif;png;wav;mfcribbon-ms</Extensions>
    </Filter>
    <Filter Include="src">
      <UniqueIdentifier>{52d534ab-90ac-4897-b7f0-616429ec75c2}</UniqueIdentifier>
    </Filter>
    <Filter Include="src\chapter1">
      <UniqueIdentifier>{407d4d57-354e-4b57-ae47-9940b7c41946}</UniqueIdentifier>
    </Filter>
    <Filter Include="src\chapter4">
      <UniqueIdentifier>{6d3ff242-08dc-4fb8-b09d-0a33e9d3a3b2}</UniqueIdentifier>
    </Filter>
    <Filter Include="src\chapter5">
      <UniqueIdentifier>{b43ec7fa-3e3f-4d77-a415-2183d5dd7e9b}</UniqueIdentifier>
    </Filter>
    <Filter Include="src\chapter6">
      <UniqueIdentifier>{9527d846-14c4-46e9-bead-f578819c31b4}</UniqueIdentifier>
    </Filter>
  </ItemGroup>
  <ItemGroup>
    <ClInclude Include="main.h" />
    <ClInclude Include="framework.h" />
    <ClInclude Include="pch.h" />
    <ClInclude Include="Resource.h" />
    <ClInclude Include="targetver.h" />
    <ClInclude Include="src\chapter1\entry.h">
      <Filter>src\chapter1</Filter>
    </ClInclude>
    <ClInclude Include="src\chapter4\entry.h">
      <Filter>src\chapter4</Filter>
    </ClInclude>
    <ClInclude Include="src\chapter5\calc-client.h">
      <Filter>src\chapter5</Filter>
    </ClInclude>
    <ClInclude Include="src\chapter6\udp_sock.h">
      <Filter>src\chapter6</Filter>
    </ClInclude>
  </ItemGroup>
  <ItemGroup>
    <ClCompile Include="main.cpp" />
    <ClCompile Include="pch.cpp" />
    <ClCompile Include="src\chapter6\udp_sock.cpp">
      <Filter>src\chapter6</Filter>
    </ClCompile>
  </ItemGroup>
  <ItemGroup>
    <ResourceCompile Include="client.rc">
      <Filter>리소스 파일</Filter>
    </ResourceCompile>
  </ItemGroup>
</Project>