<?xml version="1.0" encoding="utf-8"?>
<Project ToolsVersion="4.0" xmlns="http://schemas.microsoft.com/developer/msbuild/2003">
  <ItemGroup>
    <Filter Include="리소스 파일">
      <UniqueIdentifier>{67DA6AB6-F800-4c08-8B7A-83BB121AAD01}</UniqueIdentifier>
      <Extensions>rc;ico;cur;bmp;dlg;rc2;rct;bin;rgs;gif;jpg;jpeg;jpe;resx;tiff;tif;png;wav;mfcribbon-ms</Extensions>
    </Filter>
    <Filter Include="src">
      <UniqueIdentifier>{6440e119-41fa-4b68-8c79-916b887a760d}</UniqueIdentifier>
    </Filter>
    <Filter Include="src\chapter1">
      <UniqueIdentifier>{f1e4e347-9e1b-4018-a0c9-c7ea2c9a90f1}</UniqueIdentifier>
    </Filter>
    <Filter Include="src\chapter3">
      <UniqueIdentifier>{1f54428d-b172-4539-8a4f-ba851b71a15c}</UniqueIdentifier>
    </Filter>
    <Filter Include="src\chapter4">
      <UniqueIdentifier>{5122c858-b962-48b5-9381-b2961b36182e}</UniqueIdentifier>
    </Filter>
    <Filter Include="src\chapter5">
      <UniqueIdentifier>{fb5762b4-48c8-433d-8dfd-eb1036ba9bda}</UniqueIdentifier>
    </Filter>
    <Filter Include="src\chapter6">
      <UniqueIdentifier>{c152671a-8823-4644-8c50-a7196b2a006e}</UniqueIdentifier>
    </Filter>
    <Filter Include="src\chapter7">
      <UniqueIdentifier>{6f8bbbea-7c43-4cfb-98ae-2684a3bb0d7b}</UniqueIdentifier>
    </Filter>
    <Filter Include="src\chapter8">
      <UniqueIdentifier>{d305fbae-bd92-4b18-afc0-3f63f896bd9f}</UniqueIdentifier>
    </Filter>
    <Filter Include="src\chapter9">
      <UniqueIdentifier>{0a6c36ae-78d2-4315-9cfd-07fbf563ffa4}</UniqueIdentifier>
    </Filter>
  </ItemGroup>
  <ItemGroup>
    <ClInclude Include="framework.h" />
    <ClInclude Include="pch.h" />
    <ClInclude Include="Resource.h" />
    <ClInclude Include="main.h" />
    <ClInclude Include="targetver.h" />
    <ClInclude Include="src\chapter1\entry.h">
      <Filter>src\chapter1</Filter>
    </ClInclude>
    <ClInclude Include="src\chapter3\entry.h">
      <Filter>src\chapter3</Filter>
    </ClInclude>
    <ClInclude Include="src\chapter4\entry.h">
      <Filter>src\chapter4</Filter>
    </ClInclude>
    <ClInclude Include="src\chapter5\calc-server.h">
      <Filter>src\chapter5</Filter>
    </ClInclude>
    <ClInclude Include="src\chapter6\udp_sock.h">
      <Filter>src\chapter6</Filter>
    </ClInclude>
    <ClInclude Include="src\chapter7\file_server.h">
      <Filter>src\chapter7</Filter>
    </ClInclude>
    <ClInclude Include="src\chapter8\entry.h">
      <Filter>src\chapter8</Filter>
    </ClInclude>
    <ClInclude Include="src\chapter9\ehco_server.h">
      <Filter>src\chapter9</Filter>
    </ClInclude>
  </ItemGroup>
  <ItemGroup>
    <ClCompile Include="main.cpp" />
  </ItemGroup>
  <ItemGroup>
    <ResourceCompile Include="server.rc">
      <Filter>리소스 파일</Filter>
    </ResourceCompile>
  </ItemGroup>
</Project>